
Microsoft Visual Studio Solution File, Format Version 12.00
# Visual Studio Version 16
VisualStudioVersion = 16.0.30717.126
MinimumVisualStudioVersion = 10.0.40219.1
Project("{8BC9CEB8-8B4A-11D0-8D11-00A0C91BC942}") = "001_Vertex Buffer", "001_Vertex Buffer\001_Vertex, Index Buffer_2010.vcxproj", "{D3D09108-96D0-4629-88B8-122C0256058C}"
EndProject
Project("{8BC9CEB8-8B4A-11D0-8D11-00A0C91BC942}") = "002_Index Buffer", "002_Index Buffer\002_Index Buffer_2010.vcxproj", "{FD717F80-EAB3-4411-A352-3267C5612906}"
EndProject
Project("{8BC9CEB8-8B4A-11D0-8D11-00A0C91BC942}") = "003_Mesh", "003_Mesh\003_Mesh_2010.vcxproj", "{D286D70F-A55F-4D61-ABC6-AEDC832937BC}"
EndProject
Project("{8BC9CEB8-8B4A-11D0-8D11-00A0C91BC942}") = "004_Light", "004_Light\004_Light.vcxproj", "{42EED78E-3A8B-4513-A302-382701591CE1}"
EndProject
Global
	GlobalSection(SolutionConfigurationPlatforms) = preSolution
		Debug|x64 = Debug|x64
		Debug|x86 = Debug|x86
		Profile|x64 = Profile|x64
		Profile|x86 = Profile|x86
		Release|x64 = Release|x64
		Release|x86 = Release|x86
	EndGlobalSection
	GlobalSection(ProjectConfigurationPlatforms) = postSolution
		{D3D09108-96D0-4629-88B8-122C0256058C}.Debug|x64.ActiveCfg = Debug|x64
		{D3D09108-96D0-4629-88B8-122C0256058C}.Debug|x64.Build.0 = Debug|x64
		{D3D09108-96D0-4629-88B8-122C0256058C}.Debug|x86.ActiveCfg = Debug|Win32
		{D3D09108-96D0-4629-88B8-122C0256058C}.Debug|x86.Build.0 = Debug|Win32
		{D3D09108-96D0-4629-88B8-122C0256058C}.Profile|x64.ActiveCfg = Profile|x64
		{D3D09108-96D0-4629-88B8-122C0256058C}.Profile|x64.Build.0 = Profile|x64
		{D3D09108-96D0-4629-88B8-122C0256058C}.Profile|x86.ActiveCfg = Profile|Win32
		{D3D09108-96D0-4629-88B8-122C0256058C}.Profile|x86.Build.0 = Profile|Win32
		{D3D09108-96D0-4629-88B8-122C0256058C}.Release|x64.ActiveCfg = Release|x64
		{D3D09108-96D0-4629-88B8-122C0256058C}.Release|x64.Build.0 = Release|x64
		{D3D09108-96D0-4629-88B8-122C0256058C}.Release|x86.ActiveCfg = Release|Win32
		{D3D09108-96D0-4629-88B8-122C0256058C}.Release|x86.Build.0 = Release|Win32
		{FD717F80-EAB3-4411-A352-3267C5612906}.Debug|x64.ActiveCfg = Debug|x64
		{FD717F80-EAB3-4411-A352-3267C5612906}.Debug|x64.Build.0 = Debug|x64
		{FD717F80-EAB3-4411-A352-3267C5612906}.Debug|x86.ActiveCfg = Debug|Win32
		{FD717F80-EAB3-4411-A352-3267C5612906}.Debug|x86.Build.0 = Debug|Win32
		{FD717F80-EAB3-4411-A352-3267C5612906}.Profile|x64.ActiveCfg = Profile|x64
		{FD717F80-EAB3-4411-A352-3267C5612906}.Profile|x64.Build.0 = Profile|x64
		{FD717F80-EAB3-4411-A352-3267C5612906}.Profile|x86.ActiveCfg = Profile|Win32
		{FD717F80-EAB3-4411-A352-3267C5612906}.Profile|x86.Build.0 = Profile|Win32
		{FD717F80-EAB3-4411-A352-3267C5612906}.Release|x64.ActiveCfg = Release|x64
		{FD717F80-EAB3-4411-A352-3267C5612906}.Release|x64.Build.0 = Release|x64
		{FD717F80-EAB3-4411-A352-3267C5612906}.Release|x86.ActiveCfg = Release|Win32
		{FD717F80-EAB3-4411-A352-3267C5612906}.Release|x86.Build.0 = Release|Win32
		{D286D70F-A55F-4D61-ABC6-AEDC832937BC}.Debug|x64.ActiveCfg = Debug|x64
		{D286D70F-A55F-4D61-ABC6-AEDC832937BC}.Debug|x64.Build.0 = Debug|x64
		{D286D70F-A55F-4D61-ABC6-AEDC832937BC}.Debug|x86.ActiveCfg = Debug|Win32
		{D286D70F-A55F-4D61-ABC6-AEDC832937BC}.Debug|x86.Build.0 = Debug|Win32
		{D286D70F-A55F-4D61-ABC6-AEDC832937BC}.Profile|x64.ActiveCfg = Profile|x64
		{D286D70F-A55F-4D61-ABC6-AEDC832937BC}.Profile|x64.Build.0 = Profile|x64
		{D286D70F-A55F-4D61-ABC6-AEDC832937BC}.Profile|x86.ActiveCfg = Profile|Win32
		{D286D70F-A55F-4D61-ABC6-AEDC832937BC}.Profile|x86.Build.0 = Profile|Win32
		{D286D70F-A55F-4D61-ABC6-AEDC832937BC}.Release|x64.ActiveCfg = Release|x64
		{D286D70F-A55F-4D61-ABC6-AEDC832937BC}.Release|x64.Build.0 = Release|x64
		{D286D70F-A55F-4D61-ABC6-AEDC832937BC}.Release|x86.ActiveCfg = Release|Win32
		{D286D70F-A55F-4D61-ABC6-AEDC832937BC}.Release|x86.Build.0 = Release|Win32
		{42EED78E-3A8B-4513-A302-382701591CE1}.Debug|x64.ActiveCfg = Debug|x64
		{42EED78E-3A8B-4513-A302-382701591CE1}.Debug|x64.Build.0 = Debug|x64
		{42EED78E-3A8B-4513-A302-382701591CE1}.Debug|x86.ActiveCfg = Debug|Win32
		{42EED78E-3A8B-4513-A302-382701591CE1}.Debug|x86.Build.0 = Debug|Win32
		{42EED78E-3A8B-4513-A302-382701591CE1}.Profile|x64.ActiveCfg = Profile|x64
		{42EED78E-3A8B-4513-A302-382701591CE1}.Profile|x64.Build.0 = Profile|x64
		{42EED78E-3A8B-4513-A302-382701591CE1}.Profile|x86.ActiveCfg = Profile|Win32
		{42EED78E-3A8B-4513-A302-382701591CE1}.Profile|x86.Build.0 = Profile|Win32
		{42EED78E-3A8B-4513-A302-382701591CE1}.Release|x64.ActiveCfg = Release|x64
		{42EED78E-3A8B-4513-A302-382701591CE1}.Release|x64.Build.0 = Release|x64
		{42EED78E-3A8B-4513-A302-382701591CE1}.Release|x86.ActiveCfg = Release|Win32
		{42EED78E-3A8B-4513-A302-382701591CE1}.Release|x86.Build.0 = Release|Win32
	EndGlobalSection
	GlobalSection(SolutionProperties) = preSolution
		HideSolutionNode = FALSE
	EndGlobalSection
	GlobalSection(ExtensibilityGlobals) = postSolution
		SolutionGuid = {D7D608E7-19B6-4569-A9A8-60AF75088E06}
	EndGlobalSection
EndGlobal
